
Microsoft Visual Studio Solution File, Format Version 12.00
# Visual Studio Version 17
VisualStudioVersion = 17.14.36603.0
MinimumVisualStudioVersion = 10.0.40219.1
Project("{FAE04EC0-301F-11D3-BF4B-00C04F79EFBC}") = "ZakYip.WheelDiverterSorter.Core", "ZakYip.WheelDiverterSorter.Core\ZakYip.WheelDiverterSorter.Core.csproj", "{863DB3C6-F770-4E03-A230-E1732942BC92}"
EndProject
Project("{2150E333-8FDC-42A3-9474-1A3956D46DE8}") = "Core", "Core", "{02EA681E-C7D8-13C7-8484-4AC65E1B71E8}"
EndProject
Project("{2150E333-8FDC-42A3-9474-1A3956D46DE8}") = "Execution", "Execution", "{748E01A4-D516-45D0-B368-C3CCFA2735C1}"
EndProject
Project("{2150E333-8FDC-42A3-9474-1A3956D46DE8}") = "Ingress", "Ingress", "{CD215037-6889-4FD2-B2F6-E3BDEC21F141}"
EndProject
Project("{2150E333-8FDC-42A3-9474-1A3956D46DE8}") = "Host", "Host", "{19011A81-490F-46FC-9FBF-CC33F6F120BB}"
EndProject
Project("{2150E333-8FDC-42A3-9474-1A3956D46DE8}") = "Observability", "Observability", "{63208A51-CFB4-49A3-B079-21F3B7C1BCCE}"
EndProject
Project("{FAE04EC0-301F-11D3-BF4B-00C04F79EFBC}") = "ZakYip.WheelDiverterSorter.Execution", "ZakYip.WheelDiverterSorter.Execution\ZakYip.WheelDiverterSorter.Execution.csproj", "{3951C9F4-6D6F-4C16-B621-44AEB8825377}"
EndProject
Project("{FAE04EC0-301F-11D3-BF4B-00C04F79EFBC}") = "ZakYip.WheelDiverterSorter.Ingress", "ZakYip.WheelDiverterSorter.Ingress\ZakYip.WheelDiverterSorter.Ingress.csproj", "{648DB50C-714C-46EC-8425-97D874682D91}"
EndProject
Project("{FAE04EC0-301F-11D3-BF4B-00C04F79EFBC}") = "ZakYip.WheelDiverterSorter.Host", "ZakYip.WheelDiverterSorter.Host\ZakYip.WheelDiverterSorter.Host.csproj", "{7D79EB9B-F064-4464-BE1F-85453067D526}"
EndProject
Project("{FAE04EC0-301F-11D3-BF4B-00C04F79EFBC}") = "ZakYip.WheelDiverterSorter.Observability", "ZakYip.WheelDiverterSorter.Observability\ZakYip.WheelDiverterSorter.Observability.csproj", "{25973B27-6BCF-4E45-B976-5C93534CA276}"
EndProject
Project("{FAE04EC0-301F-11D3-BF4B-00C04F79EFBC}") = "ZakYip.WheelDiverterSorter.Drivers", "ZakYip.WheelDiverterSorter.Drivers\ZakYip.WheelDiverterSorter.Drivers.csproj", "{DD5310AB-D34B-457D-AD4E-E73E8A27878D}"
EndProject
Project("{FAE04EC0-301F-11D3-BF4B-00C04F79EFBC}") = "ZakYip.WheelDiverterSorter.Communication", "ZakYip.WheelDiverterSorter.Communication\ZakYip.WheelDiverterSorter.Communication.csproj", "{E91CECB3-4B44-480E-BAB3-0C4F1B0CC03C}"
EndProject
Project("{FAE04EC0-301F-11D3-BF4B-00C04F79EFBC}") = "ZakYip.WheelDiverterSorter.Core.Tests", "ZakYip.WheelDiverterSorter.Core.Tests\ZakYip.WheelDiverterSorter.Core.Tests.csproj", "{5459F5FE-CB1F-4D30-8D3D-9DB679ADB9AF}"
EndProject
Project("{FAE04EC0-301F-11D3-BF4B-00C04F79EFBC}") = "ZakYip.WheelDiverterSorter.Drivers.Tests", "ZakYip.WheelDiverterSorter.Drivers.Tests\ZakYip.WheelDiverterSorter.Drivers.Tests.csproj", "{92D88693-4329-49ED-8E30-AF4BACBD2678}"
EndProject
Project("{FAE04EC0-301F-11D3-BF4B-00C04F79EFBC}") = "ZakYip.WheelDiverterSorter.Benchmarks", "ZakYip.WheelDiverterSorter.Benchmarks\ZakYip.WheelDiverterSorter.Benchmarks.csproj", "{6A3F2B03-4A14-4A19-9847-9225B7AC5607}"
EndProject
Project("{FAE04EC0-301F-11D3-BF4B-00C04F79EFBC}") = "ZakYip.WheelDiverterSorter.Ingress.Tests", "ZakYip.WheelDiverterSorter.Ingress.Tests\ZakYip.WheelDiverterSorter.Ingress.Tests.csproj", "{9579F985-CE93-4ADF-A0EC-D986E861EC7A}"
EndProject
Project("{FAE04EC0-301F-11D3-BF4B-00C04F79EFBC}") = "ZakYip.WheelDiverterSorter.Host.IntegrationTests", "ZakYip.WheelDiverterSorter.Host.IntegrationTests\ZakYip.WheelDiverterSorter.Host.IntegrationTests.csproj", "{A6CBC272-C997-42A5-962D-6592947F55E0}"
EndProject
Project("{2150E333-8FDC-42A3-9474-1A3956D46DE8}") = "Tests", "Tests", "{6F3AA131-87AB-4390-B282-F46742711AB0}"
EndProject
Project("{2150E333-8FDC-42A3-9474-1A3956D46DE8}") = "Drivers", "Drivers", "{1AA6F1D6-2781-4FCF-8577-47C72EA31F5D}"
EndProject
Project("{2150E333-8FDC-42A3-9474-1A3956D46DE8}") = "Communication", "Communication", "{D54CD29C-2BEE-446A-A3F9-C72B2DB82339}"
EndProject
Project("{FAE04EC0-301F-11D3-BF4B-00C04F79EFBC}") = "ZakYip.WheelDiverterSorter.Communication.Tests", "ZakYip.WheelDiverterSorter.Communication.Tests\ZakYip.WheelDiverterSorter.Communication.Tests.csproj", "{FB8C77B9-F520-4EA5-852B-4B84BC61E807}"
EndProject
Global
	GlobalSection(SolutionConfigurationPlatforms) = preSolution
		Debug|Any CPU = Debug|Any CPU
		Debug|x64 = Debug|x64
		Debug|x86 = Debug|x86
		Release|Any CPU = Release|Any CPU
		Release|x64 = Release|x64
		Release|x86 = Release|x86
	EndGlobalSection
	GlobalSection(ProjectConfigurationPlatforms) = postSolution
		{863DB3C6-F770-4E03-A230-E1732942BC92}.Debug|Any CPU.ActiveCfg = Debug|Any CPU
		{863DB3C6-F770-4E03-A230-E1732942BC92}.Debug|Any CPU.Build.0 = Debug|Any CPU
		{863DB3C6-F770-4E03-A230-E1732942BC92}.Debug|x64.ActiveCfg = Debug|Any CPU
		{863DB3C6-F770-4E03-A230-E1732942BC92}.Debug|x64.Build.0 = Debug|Any CPU
		{863DB3C6-F770-4E03-A230-E1732942BC92}.Debug|x86.ActiveCfg = Debug|Any CPU
		{863DB3C6-F770-4E03-A230-E1732942BC92}.Debug|x86.Build.0 = Debug|Any CPU
		{863DB3C6-F770-4E03-A230-E1732942BC92}.Release|Any CPU.ActiveCfg = Release|Any CPU
		{863DB3C6-F770-4E03-A230-E1732942BC92}.Release|Any CPU.Build.0 = Release|Any CPU
		{863DB3C6-F770-4E03-A230-E1732942BC92}.Release|x64.ActiveCfg = Release|Any CPU
		{863DB3C6-F770-4E03-A230-E1732942BC92}.Release|x64.Build.0 = Release|Any CPU
		{863DB3C6-F770-4E03-A230-E1732942BC92}.Release|x86.ActiveCfg = Release|Any CPU
		{863DB3C6-F770-4E03-A230-E1732942BC92}.Release|x86.Build.0 = Release|Any CPU
		{3951C9F4-6D6F-4C16-B621-44AEB8825377}.Debug|Any CPU.ActiveCfg = Debug|Any CPU
		{3951C9F4-6D6F-4C16-B621-44AEB8825377}.Debug|Any CPU.Build.0 = Debug|Any CPU
		{3951C9F4-6D6F-4C16-B621-44AEB8825377}.Debug|x64.ActiveCfg = Debug|Any CPU
		{3951C9F4-6D6F-4C16-B621-44AEB8825377}.Debug|x64.Build.0 = Debug|Any CPU
		{3951C9F4-6D6F-4C16-B621-44AEB8825377}.Debug|x86.ActiveCfg = Debug|Any CPU
		{3951C9F4-6D6F-4C16-B621-44AEB8825377}.Debug|x86.Build.0 = Debug|Any CPU
		{3951C9F4-6D6F-4C16-B621-44AEB8825377}.Release|Any CPU.ActiveCfg = Release|Any CPU
		{3951C9F4-6D6F-4C16-B621-44AEB8825377}.Release|Any CPU.Build.0 = Release|Any CPU
		{3951C9F4-6D6F-4C16-B621-44AEB8825377}.Release|x64.ActiveCfg = Release|Any CPU
		{3951C9F4-6D6F-4C16-B621-44AEB8825377}.Release|x64.Build.0 = Release|Any CPU
		{3951C9F4-6D6F-4C16-B621-44AEB8825377}.Release|x86.ActiveCfg = Release|Any CPU
		{3951C9F4-6D6F-4C16-B621-44AEB8825377}.Release|x86.Build.0 = Release|Any CPU
		{648DB50C-714C-46EC-8425-97D874682D91}.Debug|Any CPU.ActiveCfg = Debug|Any CPU
		{648DB50C-714C-46EC-8425-97D874682D91}.Debug|Any CPU.Build.0 = Debug|Any CPU
		{648DB50C-714C-46EC-8425-97D874682D91}.Debug|x64.ActiveCfg = Debug|Any CPU
		{648DB50C-714C-46EC-8425-97D874682D91}.Debug|x64.Build.0 = Debug|Any CPU
		{648DB50C-714C-46EC-8425-97D874682D91}.Debug|x86.ActiveCfg = Debug|Any CPU
		{648DB50C-714C-46EC-8425-97D874682D91}.Debug|x86.Build.0 = Debug|Any CPU
		{648DB50C-714C-46EC-8425-97D874682D91}.Release|Any CPU.ActiveCfg = Release|Any CPU
		{648DB50C-714C-46EC-8425-97D874682D91}.Release|Any CPU.Build.0 = Release|Any CPU
		{648DB50C-714C-46EC-8425-97D874682D91}.Release|x64.ActiveCfg = Release|Any CPU
		{648DB50C-714C-46EC-8425-97D874682D91}.Release|x64.Build.0 = Release|Any CPU
		{648DB50C-714C-46EC-8425-97D874682D91}.Release|x86.ActiveCfg = Release|Any CPU
		{648DB50C-714C-46EC-8425-97D874682D91}.Release|x86.Build.0 = Release|Any CPU
		{7D79EB9B-F064-4464-BE1F-85453067D526}.Debug|Any CPU.ActiveCfg = Debug|Any CPU
		{7D79EB9B-F064-4464-BE1F-85453067D526}.Debug|Any CPU.Build.0 = Debug|Any CPU
		{7D79EB9B-F064-4464-BE1F-85453067D526}.Debug|x64.ActiveCfg = Debug|Any CPU
		{7D79EB9B-F064-4464-BE1F-85453067D526}.Debug|x64.Build.0 = Debug|Any CPU
		{7D79EB9B-F064-4464-BE1F-85453067D526}.Debug|x86.ActiveCfg = Debug|Any CPU
		{7D79EB9B-F064-4464-BE1F-85453067D526}.Debug|x86.Build.0 = Debug|Any CPU
		{7D79EB9B-F064-4464-BE1F-85453067D526}.Release|Any CPU.ActiveCfg = Release|Any CPU
		{7D79EB9B-F064-4464-BE1F-85453067D526}.Release|Any CPU.Build.0 = Release|Any CPU
		{7D79EB9B-F064-4464-BE1F-85453067D526}.Release|x64.ActiveCfg = Release|Any CPU
		{7D79EB9B-F064-4464-BE1F-85453067D526}.Release|x64.Build.0 = Release|Any CPU
		{7D79EB9B-F064-4464-BE1F-85453067D526}.Release|x86.ActiveCfg = Release|Any CPU
		{7D79EB9B-F064-4464-BE1F-85453067D526}.Release|x86.Build.0 = Release|Any CPU
		{25973B27-6BCF-4E45-B976-5C93534CA276}.Debug|Any CPU.ActiveCfg = Debug|Any CPU
		{25973B27-6BCF-4E45-B976-5C93534CA276}.Debug|Any CPU.Build.0 = Debug|Any CPU
		{25973B27-6BCF-4E45-B976-5C93534CA276}.Debug|x64.ActiveCfg = Debug|Any CPU
		{25973B27-6BCF-4E45-B976-5C93534CA276}.Debug|x64.Build.0 = Debug|Any CPU
		{25973B27-6BCF-4E45-B976-5C93534CA276}.Debug|x86.ActiveCfg = Debug|Any CPU
		{25973B27-6BCF-4E45-B976-5C93534CA276}.Debug|x86.Build.0 = Debug|Any CPU
		{25973B27-6BCF-4E45-B976-5C93534CA276}.Release|Any CPU.ActiveCfg = Release|Any CPU
		{25973B27-6BCF-4E45-B976-5C93534CA276}.Release|Any CPU.Build.0 = Release|Any CPU
		{25973B27-6BCF-4E45-B976-5C93534CA276}.Release|x64.ActiveCfg = Release|Any CPU
		{25973B27-6BCF-4E45-B976-5C93534CA276}.Release|x64.Build.0 = Release|Any CPU
		{25973B27-6BCF-4E45-B976-5C93534CA276}.Release|x86.ActiveCfg = Release|Any CPU
		{25973B27-6BCF-4E45-B976-5C93534CA276}.Release|x86.Build.0 = Release|Any CPU
		{DD5310AB-D34B-457D-AD4E-E73E8A27878D}.Debug|Any CPU.ActiveCfg = Debug|Any CPU
		{DD5310AB-D34B-457D-AD4E-E73E8A27878D}.Debug|Any CPU.Build.0 = Debug|Any CPU
		{DD5310AB-D34B-457D-AD4E-E73E8A27878D}.Debug|x64.ActiveCfg = Debug|Any CPU
		{DD5310AB-D34B-457D-AD4E-E73E8A27878D}.Debug|x64.Build.0 = Debug|Any CPU
		{DD5310AB-D34B-457D-AD4E-E73E8A27878D}.Debug|x86.ActiveCfg = Debug|Any CPU
		{DD5310AB-D34B-457D-AD4E-E73E8A27878D}.Debug|x86.Build.0 = Debug|Any CPU
		{DD5310AB-D34B-457D-AD4E-E73E8A27878D}.Release|Any CPU.ActiveCfg = Release|Any CPU
		{DD5310AB-D34B-457D-AD4E-E73E8A27878D}.Release|Any CPU.Build.0 = Release|Any CPU
		{DD5310AB-D34B-457D-AD4E-E73E8A27878D}.Release|x64.ActiveCfg = Release|Any CPU
		{DD5310AB-D34B-457D-AD4E-E73E8A27878D}.Release|x64.Build.0 = Release|Any CPU
		{DD5310AB-D34B-457D-AD4E-E73E8A27878D}.Release|x86.ActiveCfg = Release|Any CPU
		{DD5310AB-D34B-457D-AD4E-E73E8A27878D}.Release|x86.Build.0 = Release|Any CPU
		{E91CECB3-4B44-480E-BAB3-0C4F1B0CC03C}.Debug|Any CPU.ActiveCfg = Debug|Any CPU
		{E91CECB3-4B44-480E-BAB3-0C4F1B0CC03C}.Debug|Any CPU.Build.0 = Debug|Any CPU
		{E91CECB3-4B44-480E-BAB3-0C4F1B0CC03C}.Debug|x64.ActiveCfg = Debug|Any CPU
		{E91CECB3-4B44-480E-BAB3-0C4F1B0CC03C}.Debug|x64.Build.0 = Debug|Any CPU
		{E91CECB3-4B44-480E-BAB3-0C4F1B0CC03C}.Debug|x86.ActiveCfg = Debug|Any CPU
		{E91CECB3-4B44-480E-BAB3-0C4F1B0CC03C}.Debug|x86.Build.0 = Debug|Any CPU
		{E91CECB3-4B44-480E-BAB3-0C4F1B0CC03C}.Release|Any CPU.ActiveCfg = Release|Any CPU
		{E91CECB3-4B44-480E-BAB3-0C4F1B0CC03C}.Release|Any CPU.Build.0 = Release|Any CPU
		{E91CECB3-4B44-480E-BAB3-0C4F1B0CC03C}.Release|x64.ActiveCfg = Release|Any CPU
		{E91CECB3-4B44-480E-BAB3-0C4F1B0CC03C}.Release|x64.Build.0 = Release|Any CPU
		{E91CECB3-4B44-480E-BAB3-0C4F1B0CC03C}.Release|x86.ActiveCfg = Release|Any CPU
		{E91CECB3-4B44-480E-BAB3-0C4F1B0CC03C}.Release|x86.Build.0 = Release|Any CPU
		{5459F5FE-CB1F-4D30-8D3D-9DB679ADB9AF}.Debug|Any CPU.ActiveCfg = Debug|Any CPU
		{5459F5FE-CB1F-4D30-8D3D-9DB679ADB9AF}.Debug|Any CPU.Build.0 = Debug|Any CPU
		{5459F5FE-CB1F-4D30-8D3D-9DB679ADB9AF}.Debug|x64.ActiveCfg = Debug|Any CPU
		{5459F5FE-CB1F-4D30-8D3D-9DB679ADB9AF}.Debug|x64.Build.0 = Debug|Any CPU
		{5459F5FE-CB1F-4D30-8D3D-9DB679ADB9AF}.Debug|x86.ActiveCfg = Debug|Any CPU
		{5459F5FE-CB1F-4D30-8D3D-9DB679ADB9AF}.Debug|x86.Build.0 = Debug|Any CPU
		{5459F5FE-CB1F-4D30-8D3D-9DB679ADB9AF}.Release|Any CPU.ActiveCfg = Release|Any CPU
		{5459F5FE-CB1F-4D30-8D3D-9DB679ADB9AF}.Release|Any CPU.Build.0 = Release|Any CPU
		{5459F5FE-CB1F-4D30-8D3D-9DB679ADB9AF}.Release|x64.ActiveCfg = Release|Any CPU
		{5459F5FE-CB1F-4D30-8D3D-9DB679ADB9AF}.Release|x64.Build.0 = Release|Any CPU
		{5459F5FE-CB1F-4D30-8D3D-9DB679ADB9AF}.Release|x86.ActiveCfg = Release|Any CPU
		{5459F5FE-CB1F-4D30-8D3D-9DB679ADB9AF}.Release|x86.Build.0 = Release|Any CPU
		{92D88693-4329-49ED-8E30-AF4BACBD2678}.Debug|Any CPU.ActiveCfg = Debug|Any CPU
		{92D88693-4329-49ED-8E30-AF4BACBD2678}.Debug|Any CPU.Build.0 = Debug|Any CPU
		{92D88693-4329-49ED-8E30-AF4BACBD2678}.Debug|x64.ActiveCfg = Debug|Any CPU
		{92D88693-4329-49ED-8E30-AF4BACBD2678}.Debug|x64.Build.0 = Debug|Any CPU
		{92D88693-4329-49ED-8E30-AF4BACBD2678}.Debug|x86.ActiveCfg = Debug|Any CPU
		{92D88693-4329-49ED-8E30-AF4BACBD2678}.Debug|x86.Build.0 = Debug|Any CPU
		{92D88693-4329-49ED-8E30-AF4BACBD2678}.Release|Any CPU.ActiveCfg = Release|Any CPU
		{92D88693-4329-49ED-8E30-AF4BACBD2678}.Release|Any CPU.Build.0 = Release|Any CPU
		{92D88693-4329-49ED-8E30-AF4BACBD2678}.Release|x64.ActiveCfg = Release|Any CPU
		{92D88693-4329-49ED-8E30-AF4BACBD2678}.Release|x64.Build.0 = Release|Any CPU
		{92D88693-4329-49ED-8E30-AF4BACBD2678}.Release|x86.ActiveCfg = Release|Any CPU
		{92D88693-4329-49ED-8E30-AF4BACBD2678}.Release|x86.Build.0 = Release|Any CPU
		{6A3F2B03-4A14-4A19-9847-9225B7AC5607}.Debug|Any CPU.ActiveCfg = Debug|Any CPU
		{6A3F2B03-4A14-4A19-9847-9225B7AC5607}.Debug|Any CPU.Build.0 = Debug|Any CPU
		{6A3F2B03-4A14-4A19-9847-9225B7AC5607}.Debug|x64.ActiveCfg = Debug|Any CPU
		{6A3F2B03-4A14-4A19-9847-9225B7AC5607}.Debug|x64.Build.0 = Debug|Any CPU
		{6A3F2B03-4A14-4A19-9847-9225B7AC5607}.Debug|x86.ActiveCfg = Debug|Any CPU
		{6A3F2B03-4A14-4A19-9847-9225B7AC5607}.Debug|x86.Build.0 = Debug|Any CPU
		{6A3F2B03-4A14-4A19-9847-9225B7AC5607}.Release|Any CPU.ActiveCfg = Release|Any CPU
		{6A3F2B03-4A14-4A19-9847-9225B7AC5607}.Release|Any CPU.Build.0 = Release|Any CPU
		{6A3F2B03-4A14-4A19-9847-9225B7AC5607}.Release|x64.ActiveCfg = Release|Any CPU
		{6A3F2B03-4A14-4A19-9847-9225B7AC5607}.Release|x64.Build.0 = Release|Any CPU
		{6A3F2B03-4A14-4A19-9847-9225B7AC5607}.Release|x86.ActiveCfg = Release|Any CPU
		{6A3F2B03-4A14-4A19-9847-9225B7AC5607}.Release|x86.Build.0 = Release|Any CPU
		{9579F985-CE93-4ADF-A0EC-D986E861EC7A}.Debug|Any CPU.ActiveCfg = Debug|Any CPU
		{9579F985-CE93-4ADF-A0EC-D986E861EC7A}.Debug|Any CPU.Build.0 = Debug|Any CPU
		{9579F985-CE93-4ADF-A0EC-D986E861EC7A}.Debug|x64.ActiveCfg = Debug|Any CPU
		{9579F985-CE93-4ADF-A0EC-D986E861EC7A}.Debug|x64.Build.0 = Debug|Any CPU
		{9579F985-CE93-4ADF-A0EC-D986E861EC7A}.Debug|x86.ActiveCfg = Debug|Any CPU
		{9579F985-CE93-4ADF-A0EC-D986E861EC7A}.Debug|x86.Build.0 = Debug|Any CPU
		{9579F985-CE93-4ADF-A0EC-D986E861EC7A}.Release|Any CPU.ActiveCfg = Release|Any CPU
		{9579F985-CE93-4ADF-A0EC-D986E861EC7A}.Release|Any CPU.Build.0 = Release|Any CPU
		{9579F985-CE93-4ADF-A0EC-D986E861EC7A}.Release|x64.ActiveCfg = Release|Any CPU
		{9579F985-CE93-4ADF-A0EC-D986E861EC7A}.Release|x64.Build.0 = Release|Any CPU
		{9579F985-CE93-4ADF-A0EC-D986E861EC7A}.Release|x86.ActiveCfg = Release|Any CPU
		{9579F985-CE93-4ADF-A0EC-D986E861EC7A}.Release|x86.Build.0 = Release|Any CPU
		{A6CBC272-C997-42A5-962D-6592947F55E0}.Debug|Any CPU.ActiveCfg = Debug|Any CPU
		{A6CBC272-C997-42A5-962D-6592947F55E0}.Debug|Any CPU.Build.0 = Debug|Any CPU
		{A6CBC272-C997-42A5-962D-6592947F55E0}.Debug|x64.ActiveCfg = Debug|Any CPU
		{A6CBC272-C997-42A5-962D-6592947F55E0}.Debug|x64.Build.0 = Debug|Any CPU
		{A6CBC272-C997-42A5-962D-6592947F55E0}.Debug|x86.ActiveCfg = Debug|Any CPU
		{A6CBC272-C997-42A5-962D-6592947F55E0}.Debug|x86.Build.0 = Debug|Any CPU
		{A6CBC272-C997-42A5-962D-6592947F55E0}.Release|Any CPU.ActiveCfg = Release|Any CPU
		{A6CBC272-C997-42A5-962D-6592947F55E0}.Release|Any CPU.Build.0 = Release|Any CPU
		{A6CBC272-C997-42A5-962D-6592947F55E0}.Release|x64.ActiveCfg = Release|Any CPU
		{A6CBC272-C997-42A5-962D-6592947F55E0}.Release|x64.Build.0 = Release|Any CPU
		{A6CBC272-C997-42A5-962D-6592947F55E0}.Release|x86.ActiveCfg = Release|Any CPU
		{A6CBC272-C997-42A5-962D-6592947F55E0}.Release|x86.Build.0 = Release|Any CPU
		{FB8C77B9-F520-4EA5-852B-4B84BC61E807}.Debug|Any CPU.ActiveCfg = Debug|Any CPU
		{FB8C77B9-F520-4EA5-852B-4B84BC61E807}.Debug|Any CPU.Build.0 = Debug|Any CPU
		{FB8C77B9-F520-4EA5-852B-4B84BC61E807}.Debug|x64.ActiveCfg = Debug|Any CPU
		{FB8C77B9-F520-4EA5-852B-4B84BC61E807}.Debug|x64.Build.0 = Debug|Any CPU
		{FB8C77B9-F520-4EA5-852B-4B84BC61E807}.Debug|x86.ActiveCfg = Debug|Any CPU
		{FB8C77B9-F520-4EA5-852B-4B84BC61E807}.Debug|x86.Build.0 = Debug|Any CPU
		{FB8C77B9-F520-4EA5-852B-4B84BC61E807}.Release|Any CPU.ActiveCfg = Release|Any CPU
		{FB8C77B9-F520-4EA5-852B-4B84BC61E807}.Release|Any CPU.Build.0 = Release|Any CPU
		{FB8C77B9-F520-4EA5-852B-4B84BC61E807}.Release|x64.ActiveCfg = Release|Any CPU
		{FB8C77B9-F520-4EA5-852B-4B84BC61E807}.Release|x64.Build.0 = Release|Any CPU
		{FB8C77B9-F520-4EA5-852B-4B84BC61E807}.Release|x86.ActiveCfg = Release|Any CPU
		{FB8C77B9-F520-4EA5-852B-4B84BC61E807}.Release|x86.Build.0 = Release|Any CPU
	EndGlobalSection
	GlobalSection(SolutionProperties) = preSolution
		HideSolutionNode = FALSE
	EndGlobalSection
	GlobalSection(NestedProjects) = preSolution
		{863DB3C6-F770-4E03-A230-E1732942BC92} = {02EA681E-C7D8-13C7-8484-4AC65E1B71E8}
		{3951C9F4-6D6F-4C16-B621-44AEB8825377} = {748E01A4-D516-45D0-B368-C3CCFA2735C1}
		{648DB50C-714C-46EC-8425-97D874682D91} = {CD215037-6889-4FD2-B2F6-E3BDEC21F141}
		{7D79EB9B-F064-4464-BE1F-85453067D526} = {19011A81-490F-46FC-9FBF-CC33F6F120BB}
		{25973B27-6BCF-4E45-B976-5C93534CA276} = {63208A51-CFB4-49A3-B079-21F3B7C1BCCE}
		{DD5310AB-D34B-457D-AD4E-E73E8A27878D} = {1AA6F1D6-2781-4FCF-8577-47C72EA31F5D}
		{E91CECB3-4B44-480E-BAB3-0C4F1B0CC03C} = {D54CD29C-2BEE-446A-A3F9-C72B2DB82339}
		{5459F5FE-CB1F-4D30-8D3D-9DB679ADB9AF} = {6F3AA131-87AB-4390-B282-F46742711AB0}
		{92D88693-4329-49ED-8E30-AF4BACBD2678} = {6F3AA131-87AB-4390-B282-F46742711AB0}
		{9579F985-CE93-4ADF-A0EC-D986E861EC7A} = {6F3AA131-87AB-4390-B282-F46742711AB0}
		{A6CBC272-C997-42A5-962D-6592947F55E0} = {6F3AA131-87AB-4390-B282-F46742711AB0}
	EndGlobalSection
	GlobalSection(ExtensibilityGlobals) = postSolution
		SolutionGuid = {EEC8FA53-9A80-4265-A682-4E3976EFAA9A}
	EndGlobalSection
EndGlobal
